
Microsoft Visual Studio Solution File, Format Version 12.00
# Visual Studio Version 17
VisualStudioVersion = 17.9.34701.34
MinimumVisualStudioVersion = 10.0.40219.1
Project("{9A19103F-16F7-4668-BE54-9A1E7A4F7556}") = "CarRentalService.Web", "CarRentalService\CarRentalService.Web.csproj", "{774A7D95-3166-4DBD-8661-A19F74773FA5}"
EndProject
Project("{9A19103F-16F7-4668-BE54-9A1E7A4F7556}") = "CarRentalService.Domain", "CarRentalService.Domain\CarRentalService.Domain.csproj", "{51F227AE-0155-4C9A-8096-F89ECB25E320}"
EndProject
Project("{9A19103F-16F7-4668-BE54-9A1E7A4F7556}") = "CarRentalService.Repository", "CarRentalService.Repository\CarRentalService.Repository.csproj", "{FBF3AAEC-7368-4688-BCF8-37BED0245481}"
EndProject
Project("{9A19103F-16F7-4668-BE54-9A1E7A4F7556}") = "CarRentalService.Service", "CarRentalService.Service\CarRentalService.Service.csproj", "{03122643-A9CE-49E0-AAB9-E02273FE291D}"
EndProject
Global
	GlobalSection(SolutionConfigurationPlatforms) = preSolution
		Debug|Any CPU = Debug|Any CPU
		Release|Any CPU = Release|Any CPU
	EndGlobalSection
	GlobalSection(ProjectConfigurationPlatforms) = postSolution
		{774A7D95-3166-4DBD-8661-A19F74773FA5}.Debug|Any CPU.ActiveCfg = Debug|Any CPU
		{774A7D95-3166-4DBD-8661-A19F74773FA5}.Debug|Any CPU.Build.0 = Debug|Any CPU
		{774A7D95-3166-4DBD-8661-A19F74773FA5}.Release|Any CPU.ActiveCfg = Release|Any CPU
		{774A7D95-3166-4DBD-8661-A19F74773FA5}.Release|Any CPU.Build.0 = Release|Any CPU
		{51F227AE-0155-4C9A-8096-F89ECB25E320}.Debug|Any CPU.ActiveCfg = Debug|Any CPU
		{51F227AE-0155-4C9A-8096-F89ECB25E320}.Debug|Any CPU.Build.0 = Debug|Any CPU
		{51F227AE-0155-4C9A-8096-F89ECB25E320}.Release|Any CPU.ActiveCfg = Release|Any CPU
		{51F227AE-0155-4C9A-8096-F89ECB25E320}.Release|Any CPU.Build.0 = Release|Any CPU
		{FBF3AAEC-7368-4688-BCF8-37BED0245481}.Debug|Any CPU.ActiveCfg = Debug|Any CPU
		{FBF3AAEC-7368-4688-BCF8-37BED0245481}.Debug|Any CPU.Build.0 = Debug|Any CPU
		{FBF3AAEC-7368-4688-BCF8-37BED0245481}.Release|Any CPU.ActiveCfg = Release|Any CPU
		{FBF3AAEC-7368-4688-BCF8-37BED0245481}.Release|Any CPU.Build.0 = Release|Any CPU
		{03122643-A9CE-49E0-AAB9-E02273FE291D}.Debug|Any CPU.ActiveCfg = Debug|Any CPU
		{03122643-A9CE-49E0-AAB9-E02273FE291D}.Debug|Any CPU.Build.0 = Debug|Any CPU
		{03122643-A9CE-49E0-AAB9-E02273FE291D}.Release|Any CPU.ActiveCfg = Release|Any CPU
		{03122643-A9CE-49E0-AAB9-E02273FE291D}.Release|Any CPU.Build.0 = Release|Any CPU
	EndGlobalSection
	GlobalSection(SolutionProperties) = preSolution
		HideSolutionNode = FALSE
	EndGlobalSection
	GlobalSection(ExtensibilityGlobals) = postSolution
		SolutionGuid = {B617CF30-D16B-498A-A885-672455C456FD}
	EndGlobalSection
EndGlobal
